version: 6
environments:
  default:
    channels:
    - url: https://conda.anaconda.org/conda-forge/
    packages:
      linux-64:
      - conda: https://conda.anaconda.org/conda-forge/linux-64/_libgcc_mutex-0.1-conda_forge.tar.bz2
      - conda: https://conda.anaconda.org/conda-forge/linux-64/_openmp_mutex-4.5-2_kmp_llvm.tar.bz2
      - conda: https://conda.anaconda.org/conda-forge/linux-64/attr-2.5.1-h166bdaf_1.tar.bz2
      - conda: https://conda.anaconda.org/conda-forge/linux-64/binutils_impl_linux-64-2.43-h4bf12b8_2.conda
      - conda: https://conda.anaconda.org/conda-forge/linux-64/blas-2.126-openblas.conda
      - conda: https://conda.anaconda.org/conda-forge/linux-64/blas-devel-3.9.0-26_linux64_openblas.conda
      - conda: https://conda.anaconda.org/conda-forge/linux-64/blosc-1.21.6-he440d0b_1.conda
      - conda: https://conda.anaconda.org/conda-forge/linux-64/bzip2-1.0.8-h4bc722e_7.conda
      - conda: https://conda.anaconda.org/conda-forge/linux-64/c-ares-1.34.4-hb9d3cd8_0.conda
      - conda: https://conda.anaconda.org/conda-forge/linux-64/ca-certificates-2024.12.14-hbcca054_0.conda
      - conda: https://conda.anaconda.org/conda-forge/noarch/certifi-2024.12.14-pyhd8ed1ab_0.conda
      - conda: https://conda.anaconda.org/conda-forge/linux-64/cftime-1.6.4-py312hc0a28a1_1.conda
      - conda: https://conda.anaconda.org/conda-forge/linux-64/cmake-3.31.4-h74e3db0_0.conda
      - conda: https://conda.anaconda.org/conda-forge/linux-64/gcc-14.2.0-h96c4ede_1.conda
      - conda: https://conda.anaconda.org/conda-forge/linux-64/gcc_impl_linux-64-14.2.0-h6b349bd_1.conda
      - conda: https://conda.anaconda.org/conda-forge/linux-64/gfortran-14.2.0-h96c4ede_1.conda
      - conda: https://conda.anaconda.org/conda-forge/linux-64/gfortran_impl_linux-64-14.2.0-hc73f493_1.conda
      - conda: https://conda.anaconda.org/conda-forge/linux-64/hdf4-4.2.15-h2a13503_7.conda
      - conda: https://conda.anaconda.org/conda-forge/linux-64/hdf5-1.14.4-nompi_h2d575fe_105.conda
      - conda: https://conda.anaconda.org/conda-forge/noarch/kernel-headers_linux-64-3.10.0-he073ed8_18.conda
      - conda: https://conda.anaconda.org/conda-forge/linux-64/keyutils-1.6.1-h166bdaf_0.tar.bz2
      - conda: https://conda.anaconda.org/conda-forge/linux-64/krb5-1.21.3-h659f571_0.conda
      - conda: https://conda.anaconda.org/conda-forge/linux-64/lapack-3.6.1-ha44fe06_2.tar.bz2
      - conda: https://conda.anaconda.org/conda-forge/linux-64/ld_impl_linux-64-2.43-h712a8e2_2.conda
      - conda: https://conda.anaconda.org/conda-forge/linux-64/libaec-1.1.3-h59595ed_0.conda
      - conda: https://conda.anaconda.org/conda-forge/linux-64/libblas-3.9.0-26_linux64_openblas.conda
      - conda: https://conda.anaconda.org/conda-forge/linux-64/libcap-2.71-h39aace5_0.conda
      - conda: https://conda.anaconda.org/conda-forge/linux-64/libcblas-3.9.0-26_linux64_openblas.conda
      - conda: https://conda.anaconda.org/conda-forge/linux-64/libcurl-8.11.1-h332b0f4_0.conda
      - conda: https://conda.anaconda.org/conda-forge/linux-64/libedit-3.1.20240808-pl5321h7949ede_0.conda
      - conda: https://conda.anaconda.org/conda-forge/linux-64/libev-4.33-hd590300_2.conda
      - conda: https://conda.anaconda.org/conda-forge/linux-64/libevent-2.1.12-hf998b51_1.conda
      - conda: https://conda.anaconda.org/conda-forge/linux-64/libexpat-2.6.4-h5888daf_0.conda
      - conda: https://conda.anaconda.org/conda-forge/linux-64/libfabric-2.0.0-ha770c72_1.conda
      - conda: https://conda.anaconda.org/conda-forge/linux-64/libfabric1-2.0.0-h14e6f36_1.conda
      - conda: https://conda.anaconda.org/conda-forge/linux-64/libffi-3.4.2-h7f98852_5.tar.bz2
      - conda: https://conda.anaconda.org/conda-forge/linux-64/libgcc-14.2.0-h77fa898_1.conda
      - conda: https://conda.anaconda.org/conda-forge/noarch/libgcc-devel_linux-64-14.2.0-h41c2201_101.conda
      - conda: https://conda.anaconda.org/conda-forge/linux-64/libgcc-ng-14.2.0-h69a702a_1.conda
      - conda: https://conda.anaconda.org/conda-forge/linux-64/libgcrypt-lib-1.11.0-hb9d3cd8_2.conda
      - conda: https://conda.anaconda.org/conda-forge/linux-64/libgfortran-14.2.0-h69a702a_1.conda
      - conda: https://conda.anaconda.org/conda-forge/linux-64/libgfortran-ng-14.2.0-h69a702a_1.conda
      - conda: https://conda.anaconda.org/conda-forge/linux-64/libgfortran5-14.2.0-hd5240d6_1.conda
      - conda: https://conda.anaconda.org/conda-forge/linux-64/libgomp-14.2.0-h77fa898_1.conda
      - conda: https://conda.anaconda.org/conda-forge/linux-64/libgpg-error-1.51-hbd13f7d_1.conda
      - conda: https://conda.anaconda.org/conda-forge/linux-64/libhwloc-2.11.2-default_h0d58e46_1001.conda
      - conda: https://conda.anaconda.org/conda-forge/linux-64/libiconv-1.17-hd590300_2.conda
      - conda: https://conda.anaconda.org/conda-forge/linux-64/libjpeg-turbo-3.0.0-hd590300_1.conda
      - conda: https://conda.anaconda.org/conda-forge/linux-64/liblapack-3.9.0-26_linux64_openblas.conda
      - conda: https://conda.anaconda.org/conda-forge/linux-64/liblapacke-3.9.0-26_linux64_openblas.conda
      - conda: https://conda.anaconda.org/conda-forge/linux-64/liblzma-5.6.3-hb9d3cd8_1.conda
      - conda: https://conda.anaconda.org/conda-forge/linux-64/libnetcdf-4.9.2-nompi_h5ddbaa4_116.conda
      - conda: https://conda.anaconda.org/conda-forge/linux-64/libnghttp2-1.64.0-h161d5f1_0.conda
      - conda: https://conda.anaconda.org/conda-forge/linux-64/libnl-3.11.0-hb9d3cd8_0.conda
      - conda: https://conda.anaconda.org/conda-forge/linux-64/libnsl-2.0.1-hd590300_0.conda
      - conda: https://conda.anaconda.org/conda-forge/linux-64/libopenblas-0.3.28-pthreads_h94d23a6_1.conda
      - conda: https://conda.anaconda.org/conda-forge/linux-64/libpmix-5.0.6-h658e747_0.conda
      - conda: https://conda.anaconda.org/conda-forge/linux-64/libsanitizer-14.2.0-h2a3dede_1.conda
      - conda: https://conda.anaconda.org/conda-forge/linux-64/libsqlite-3.47.2-hee588c1_0.conda
      - conda: https://conda.anaconda.org/conda-forge/linux-64/libssh2-1.11.1-hf672d98_0.conda
      - conda: https://conda.anaconda.org/conda-forge/linux-64/libstdcxx-14.2.0-hc0a3c3a_1.conda
      - conda: https://conda.anaconda.org/conda-forge/linux-64/libstdcxx-ng-14.2.0-h4852527_1.conda
      - conda: https://conda.anaconda.org/conda-forge/linux-64/libsystemd0-257.2-h3dc2cb9_0.conda
      - conda: https://conda.anaconda.org/conda-forge/linux-64/libudev1-257.2-h9a4d06a_0.conda
      - conda: https://conda.anaconda.org/conda-forge/linux-64/libuuid-2.38.1-h0b41bf4_0.conda
      - conda: https://conda.anaconda.org/conda-forge/linux-64/libuv-1.49.2-hb9d3cd8_0.conda
      - conda: https://conda.anaconda.org/conda-forge/linux-64/libxcrypt-4.4.36-hd590300_1.conda
      - conda: https://conda.anaconda.org/conda-forge/linux-64/libxml2-2.13.5-h0d44e9d_1.conda
      - conda: https://conda.anaconda.org/conda-forge/linux-64/libzip-1.11.2-h6991a6a_0.conda
      - conda: https://conda.anaconda.org/conda-forge/linux-64/libzlib-1.3.1-hb9d3cd8_2.conda
      - conda: https://conda.anaconda.org/conda-forge/linux-64/llvm-openmp-19.1.6-h024ca30_0.conda
      - conda: https://conda.anaconda.org/conda-forge/linux-64/lz4-c-1.10.0-h5888daf_1.conda
      - conda: https://conda.anaconda.org/conda-forge/linux-64/make-4.4.1-hb9d3cd8_2.conda
      - conda: https://conda.anaconda.org/conda-forge/linux-64/mpi-1.0-openmpi.tar.bz2
      - conda: https://conda.anaconda.org/conda-forge/linux-64/ncurses-6.5-he02047a_1.conda
      - conda: https://conda.anaconda.org/conda-forge/linux-64/netcdf4-1.7.2-nompi_py312ha728dd9_101.conda
      - conda: https://conda.anaconda.org/conda-forge/linux-64/numpy-2.2.1-py312h7e784f5_0.conda
      - conda: https://conda.anaconda.org/conda-forge/linux-64/openblas-0.3.28-pthreads_h6ec200e_1.conda
      - conda: https://conda.anaconda.org/conda-forge/linux-64/openmpi-5.0.6-h3ee89b5_101.conda
      - conda: https://conda.anaconda.org/conda-forge/linux-64/openssl-3.4.0-h7b32b05_1.conda
      - conda: https://conda.anaconda.org/conda-forge/linux-64/python-3.12.8-h9e4cc4f_1_cpython.conda
      - conda: https://conda.anaconda.org/conda-forge/linux-64/python_abi-3.12-5_cp312.conda
      - conda: https://conda.anaconda.org/conda-forge/linux-64/rdma-core-55.0-h5888daf_0.conda
      - conda: https://conda.anaconda.org/conda-forge/linux-64/readline-8.2-h8228510_1.conda
      - conda: https://conda.anaconda.org/conda-forge/linux-64/rhash-1.4.5-hb9d3cd8_0.conda
      - conda: https://conda.anaconda.org/conda-forge/linux-64/snappy-1.2.1-h8bd8927_1.conda
      - conda: https://conda.anaconda.org/conda-forge/noarch/sysroot_linux-64-2.17-h0157908_18.conda
      - conda: https://conda.anaconda.org/conda-forge/linux-64/tk-8.6.13-noxft_h4845f30_101.conda
      - conda: https://conda.anaconda.org/conda-forge/noarch/tzdata-2024b-hc8b5060_0.conda
      - conda: https://conda.anaconda.org/conda-forge/linux-64/ucc-1.3.0-h0f835a6_3.conda
      - conda: https://conda.anaconda.org/conda-forge/linux-64/ucx-1.17.0-h53fb5aa_4.conda
      - conda: https://conda.anaconda.org/conda-forge/linux-64/zlib-1.3.1-hb9d3cd8_2.conda
      - conda: https://conda.anaconda.org/conda-forge/linux-64/zstd-1.5.6-ha6fb4c9_0.conda
packages:
- conda: https://conda.anaconda.org/conda-forge/linux-64/_libgcc_mutex-0.1-conda_forge.tar.bz2
  sha256: fe51de6107f9edc7aa4f786a70f4a883943bc9d39b3bb7307c04c41410990726
  md5: d7c89558ba9fa0495403155b64376d81
  license: None
  size: 2562
  timestamp: 1578324546067
- conda: https://conda.anaconda.org/conda-forge/linux-64/_openmp_mutex-4.5-2_kmp_llvm.tar.bz2
  build_number: 2
  sha256: 84a66275da3a66e3f3e70e9d8f10496d807d01a9e4ec16cd2274cc5e28c478fc
  md5: 562b26ba2e19059551a811e72ab7f793
  depends:
  - _libgcc_mutex 0.1 conda_forge
  - llvm-openmp >=9.0.1
  license: BSD-3-Clause
  license_family: BSD
  size: 5744
  timestamp: 1650742457817
- conda: https://conda.anaconda.org/conda-forge/linux-64/attr-2.5.1-h166bdaf_1.tar.bz2
  sha256: 82c13b1772c21fc4a17441734de471d3aabf82b61db9b11f4a1bd04a9c4ac324
  md5: d9c69a24ad678ffce24c6543a0176b00
  depends:
  - libgcc-ng >=12
  license: GPL-2.0-or-later
  license_family: GPL
  size: 71042
  timestamp: 1660065501192
- conda: https://conda.anaconda.org/conda-forge/linux-64/binutils_impl_linux-64-2.43-h4bf12b8_2.conda
  sha256: 267e78990247369b13234bda270f31beb56a600b4851a8244e31dd9ad85b3b17
  md5: cf0c5521ac2a20dfa6c662a4009eeef6
  depends:
  - ld_impl_linux-64 2.43 h712a8e2_2
  - sysroot_linux-64
  license: GPL-3.0-only
  license_family: GPL
  size: 5682777
  timestamp: 1729655371045
- conda: https://conda.anaconda.org/conda-forge/linux-64/blas-2.126-openblas.conda
  build_number: 26
  sha256: e22b33861bc9d37d5c839ba55c019fc1c1d2ec8d17a265c62047c9c4e07fc86a
  md5: 057a3d8aebeae33d971bc66ee08cbf61
  depends:
  - __glibc >=2.17,<3.0.a0
  - _openmp_mutex * *_llvm
  - _openmp_mutex >=4.5
  - blas-devel 3.9.0 26_linux64_openblas
  - libblas 3.9.0 26_linux64_openblas
  - libcblas 3.9.0 26_linux64_openblas
  - libgcc >=13
  - libgfortran
  - libgfortran5 >=13.3.0
  - liblapack 3.9.0 26_linux64_openblas
  - liblapacke 3.9.0 26_linux64_openblas
  - llvm-openmp >=19.1.5
  license: BSD-3-Clause
  license_family: BSD
  size: 16466
  timestamp: 1734432672251
- conda: https://conda.anaconda.org/conda-forge/linux-64/blas-devel-3.9.0-26_linux64_openblas.conda
  build_number: 26
  sha256: 500680680cbe1eb4983e871ecd5b11b08dad1a7540252941711c754d8affe530
  md5: da61c3ef2fbe100b0613cbc2b01b502d
  depends:
  - libblas 3.9.0 26_linux64_openblas
  - libcblas 3.9.0 26_linux64_openblas
  - liblapack 3.9.0 26_linux64_openblas
  - liblapacke 3.9.0 26_linux64_openblas
  - openblas 0.3.28.*
  license: BSD-3-Clause
  license_family: BSD
  size: 16274
  timestamp: 1734432589013
- conda: https://conda.anaconda.org/conda-forge/linux-64/blosc-1.21.6-he440d0b_1.conda
  sha256: e7af5d1183b06a206192ff440e08db1c4e8b2ca1f8376ee45fb2f3a85d4ee45d
  md5: 2c2fae981fd2afd00812c92ac47d023d
  depends:
  - __glibc >=2.17,<3.0.a0
  - libgcc >=13
  - libstdcxx >=13
  - libzlib >=1.3.1,<2.0a0
  - lz4-c >=1.10.0,<1.11.0a0
  - snappy >=1.2.1,<1.3.0a0
  - zstd >=1.5.6,<1.6.0a0
  license: BSD-3-Clause
  license_family: BSD
  size: 48427
  timestamp: 1733513201413
- conda: https://conda.anaconda.org/conda-forge/linux-64/bzip2-1.0.8-h4bc722e_7.conda
  sha256: 5ced96500d945fb286c9c838e54fa759aa04a7129c59800f0846b4335cee770d
  md5: 62ee74e96c5ebb0af99386de58cf9553
  depends:
  - __glibc >=2.17,<3.0.a0
  - libgcc-ng >=12
  license: bzip2-1.0.6
  license_family: BSD
  size: 252783
  timestamp: 1720974456583
- conda: https://conda.anaconda.org/conda-forge/linux-64/c-ares-1.34.4-hb9d3cd8_0.conda
  sha256: d4f28d87b6339b94f74762c0076e29c8ef8ddfff51a564a92da2843573c18320
  md5: e2775acf57efd5af15b8e3d1d74d72d3
  depends:
  - __glibc >=2.17,<3.0.a0
  - libgcc >=13
  license: MIT
  license_family: MIT
  size: 206085
  timestamp: 1734208189009
- conda: https://conda.anaconda.org/conda-forge/linux-64/ca-certificates-2024.12.14-hbcca054_0.conda
  sha256: 1afd7274cbc9a334d6d0bc62fa760acc7afdaceb0b91a8df370ec01fd75dc7dd
  md5: 720523eb0d6a9b0f6120c16b2aa4e7de
  license: ISC
  size: 157088
  timestamp: 1734208393264
- conda: https://conda.anaconda.org/conda-forge/noarch/certifi-2024.12.14-pyhd8ed1ab_0.conda
  sha256: 048c16a9cbcb1fbad02083414d3bc7c1d0eea4b39aee6aa6bf8d1d5089ca8bad
  md5: 6feb87357ecd66733be3279f16a8c400
  depends:
  - python >=3.9
  license: ISC
  size: 161642
  timestamp: 1734380604767
- conda: https://conda.anaconda.org/conda-forge/linux-64/cftime-1.6.4-py312hc0a28a1_1.conda
  sha256: f881ead7671e89367003eaedcba8108828661d01d6fb1e160a6ad93145301328
  md5: 990033147b0a998e756eaaed6b28f48d
  depends:
  - __glibc >=2.17,<3.0.a0
  - libgcc >=13
  - numpy >=1.19,<3
  - python >=3.12,<3.13.0a0
  - python_abi 3.12.* *_cp312
  license: MIT
  license_family: MIT
  size: 247446
  timestamp: 1725400651615
- conda: https://conda.anaconda.org/conda-forge/linux-64/cmake-3.31.4-h74e3db0_0.conda
  sha256: 40c180f7c0b31e600c5b700447fd611bbb2e376a84334fdd9add515b5c6c69cd
  md5: 70e2087725b107e0d098574f17899c25
  depends:
  - __glibc >=2.17,<3.0.a0
  - bzip2 >=1.0.8,<2.0a0
  - libcurl >=8.11.1,<9.0a0
  - libexpat >=2.6.4,<3.0a0
  - libgcc >=13
  - liblzma >=5.6.3,<6.0a0
  - libstdcxx >=13
  - libuv >=1.49.2,<2.0a0
  - libzlib >=1.3.1,<2.0a0
  - ncurses >=6.5,<7.0a0
  - rhash >=1.4.5,<2.0a0
  - zstd >=1.5.6,<1.6.0a0
  license: BSD-3-Clause
  license_family: BSD
  size: 20319598
  timestamp: 1736545216979
- conda: https://conda.anaconda.org/conda-forge/linux-64/gcc-14.2.0-h96c4ede_1.conda
  sha256: 2020798ffd06fa80d57a26a6fd5b91b3e726900335d43e92a023b153280d3996
  md5: 115fa628196f036abd00d8a2bb4b37e4
  depends:
  - gcc_impl_linux-64 14.2.0.*
  license: BSD-3-Clause
  license_family: BSD
  size: 55793
  timestamp: 1729027962486
- conda: https://conda.anaconda.org/conda-forge/linux-64/gcc_impl_linux-64-14.2.0-h6b349bd_1.conda
  sha256: 0cadb23ebe6d95216c8eab57fdc1e76c8f98a10b8bdd0d922b9ccde94706dd95
  md5: 0551d01d65027359bf011c049f9c6401
  depends:
  - binutils_impl_linux-64 >=2.40
  - libgcc >=14.2.0
  - libgcc-devel_linux-64 14.2.0 h41c2201_101
  - libgomp >=14.2.0
  - libsanitizer 14.2.0 h2a3dede_1
  - libstdcxx >=14.2.0
  - sysroot_linux-64
  license: GPL-3.0-only WITH GCC-exception-3.1
  license_family: GPL
  size: 72496116
  timestamp: 1729027827248
- conda: https://conda.anaconda.org/conda-forge/linux-64/gfortran-14.2.0-h96c4ede_1.conda
  sha256: 4af59ed281c58db22e2ae7676c36d77a3c11536e10aecbee79fd49772ff4ac7c
  md5: 92f8613a48b17b583fc8b38a1dc52e82
  depends:
  - gcc 14.2.0.*
  - gcc_impl_linux-64 14.2.0.*
  - gfortran_impl_linux-64 14.2.0.*
  license: BSD-3-Clause
  license_family: BSD
  size: 55214
  timestamp: 1729028092709
- conda: https://conda.anaconda.org/conda-forge/linux-64/gfortran_impl_linux-64-14.2.0-hc73f493_1.conda
  sha256: 32165b1721a450cf5f061c586dba824c00a72cfe3fed9d6556f1f19ce79e5c1b
  md5: 131a59b3bb1dbbfc63ec0f21eb0e8c65
  depends:
  - gcc_impl_linux-64 >=14.2.0
  - libgcc >=14.2.0
  - libgfortran5 >=14.2.0
  - libstdcxx >=14.2.0
  - sysroot_linux-64
  license: GPL-3.0-only WITH GCC-exception-3.1
  license_family: GPL
  size: 17145320
  timestamp: 1729028018901
- conda: https://conda.anaconda.org/conda-forge/linux-64/hdf4-4.2.15-h2a13503_7.conda
  sha256: 0d09b6dc1ce5c4005ae1c6a19dc10767932ef9a5e9c755cfdbb5189ac8fb0684
  md5: bd77f8da987968ec3927990495dc22e4
  depends:
  - libgcc-ng >=12
  - libjpeg-turbo >=3.0.0,<4.0a0
  - libstdcxx-ng >=12
  - libzlib >=1.2.13,<2.0.0a0
  license: BSD-3-Clause
  license_family: BSD
  size: 756742
  timestamp: 1695661547874
- conda: https://conda.anaconda.org/conda-forge/linux-64/hdf5-1.14.4-nompi_h2d575fe_105.conda
  sha256: 93d2bfc672f3ee0988d277ce463330a467f3686d3f7ee37812a3d8ca11776d77
  md5: d76fff0092b6389a12134ddebc0929bd
  depends:
  - __glibc >=2.17,<3.0.a0
  - libaec >=1.1.3,<2.0a0
  - libcurl >=8.10.1,<9.0a0
  - libgcc >=13
  - libgfortran
  - libgfortran5 >=13.3.0
  - libstdcxx >=13
  - libzlib >=1.3.1,<2.0a0
  - openssl >=3.4.0,<4.0a0
  license: BSD-3-Clause
  license_family: BSD
  size: 3950601
  timestamp: 1733003331788
- conda: https://conda.anaconda.org/conda-forge/noarch/kernel-headers_linux-64-3.10.0-he073ed8_18.conda
  sha256: a922841ad80bd7b222502e65c07ecb67e4176c4fa5b03678a005f39fcc98be4b
  md5: ad8527bf134a90e1c9ed35fa0b64318c
  constrains:
  - sysroot_linux-64 ==2.17
  license: LGPL-2.0-or-later AND LGPL-2.0-or-later WITH exceptions AND GPL-2.0-or-later AND MPL-2.0
  license_family: GPL
  size: 943486
  timestamp: 1729794504440
- conda: https://conda.anaconda.org/conda-forge/linux-64/keyutils-1.6.1-h166bdaf_0.tar.bz2
  sha256: 150c05a6e538610ca7c43beb3a40d65c90537497a4f6a5f4d15ec0451b6f5ebb
  md5: 30186d27e2c9fa62b45fb1476b7200e3
  depends:
  - libgcc-ng >=10.3.0
  license: LGPL-2.1-or-later
  size: 117831
  timestamp: 1646151697040
- conda: https://conda.anaconda.org/conda-forge/linux-64/krb5-1.21.3-h659f571_0.conda
  sha256: 99df692f7a8a5c27cd14b5fb1374ee55e756631b9c3d659ed3ee60830249b238
  md5: 3f43953b7d3fb3aaa1d0d0723d91e368
  depends:
  - keyutils >=1.6.1,<2.0a0
  - libedit >=3.1.20191231,<3.2.0a0
  - libedit >=3.1.20191231,<4.0a0
  - libgcc-ng >=12
  - libstdcxx-ng >=12
  - openssl >=3.3.1,<4.0a0
  license: MIT
  license_family: MIT
  size: 1370023
  timestamp: 1719463201255
- conda: https://conda.anaconda.org/conda-forge/linux-64/lapack-3.6.1-ha44fe06_2.tar.bz2
  sha256: 4193271f4219cbbf30576a72f95287f11e4806827352bc14e742659734f0aac6
  md5: c343dd5510ec9733f3175a6cfb503786
  depends:
  - libgcc-ng >=4.9
  - libgfortran >=3.0
  license: BSD 3-Clause
  size: 2380636
  timestamp: 1545692580505
- conda: https://conda.anaconda.org/conda-forge/linux-64/ld_impl_linux-64-2.43-h712a8e2_2.conda
  sha256: 7c91cea91b13f4314d125d1bedb9d03a29ebbd5080ccdea70260363424646dbe
  md5: 048b02e3962f066da18efe3a21b77672
  depends:
  - __glibc >=2.17,<3.0.a0
  constrains:
  - binutils_impl_linux-64 2.43
  license: GPL-3.0-only
  license_family: GPL
  size: 669211
  timestamp: 1729655358674
- conda: https://conda.anaconda.org/conda-forge/linux-64/libaec-1.1.3-h59595ed_0.conda
  sha256: 2ef420a655528bca9d269086cf33b7e90d2f54ad941b437fb1ed5eca87cee017
  md5: 5e97e271911b8b2001a8b71860c32faa
  depends:
  - libgcc-ng >=12
  - libstdcxx-ng >=12
  license: BSD-2-Clause
  license_family: BSD
  size: 35446
  timestamp: 1711021212685
- conda: https://conda.anaconda.org/conda-forge/linux-64/libblas-3.9.0-26_linux64_openblas.conda
  build_number: 26
  sha256: 30bd658682b124243f8e52d8edf8a19e7be1bc31e4fe4baec30a64002dc8cd0c
  md5: ac52800af2e0c0e7dac770b435ce768a
  depends:
  - libopenblas >=0.3.28,<0.3.29.0a0
  - libopenblas >=0.3.28,<1.0a0
  constrains:
  - libcblas 3.9.0 26_linux64_openblas
  - liblapack 3.9.0 26_linux64_openblas
  - liblapacke 3.9.0 26_linux64_openblas
  - blas * openblas
  license: BSD-3-Clause
  license_family: BSD
  size: 16393
  timestamp: 1734432564346
- conda: https://conda.anaconda.org/conda-forge/linux-64/libcap-2.71-h39aace5_0.conda
  sha256: 2bbefac94f4ab8ff7c64dc843238b6c8edcc9ff1f2b5a0a48407a904dc7ccfb2
  md5: dd19e4e3043f6948bd7454b946ee0983
  depends:
  - __glibc >=2.17,<3.0.a0
  - attr >=2.5.1,<2.6.0a0
  - libgcc >=13
  license: BSD-3-Clause
  license_family: BSD
  size: 102268
  timestamp: 1729940917945
- conda: https://conda.anaconda.org/conda-forge/linux-64/libcblas-3.9.0-26_linux64_openblas.conda
  build_number: 26
  sha256: 9c74e536c9bc868e356ffd43f81c2cb398aec84b40fcadc312315b164a5500ee
  md5: ebcc5f37a435aa3c19640533c82f8d76
  depends:
  - libblas 3.9.0 26_linux64_openblas
  constrains:
  - liblapack 3.9.0 26_linux64_openblas
  - liblapacke 3.9.0 26_linux64_openblas
  - blas * openblas
  license: BSD-3-Clause
  license_family: BSD
  size: 16336
  timestamp: 1734432570482
- conda: https://conda.anaconda.org/conda-forge/linux-64/libcurl-8.11.1-h332b0f4_0.conda
  sha256: 3cd4075b2a7b5562e46c8ec626f6f9ca57aeecaa94ff7df57eca26daa94c9906
  md5: 2b3e0081006dc21e8bf53a91c83a055c
  depends:
  - __glibc >=2.17,<3.0.a0
  - krb5 >=1.21.3,<1.22.0a0
  - libgcc >=13
  - libnghttp2 >=1.64.0,<2.0a0
  - libssh2 >=1.11.1,<2.0a0
  - libzlib >=1.3.1,<2.0a0
  - openssl >=3.4.0,<4.0a0
  - zstd >=1.5.6,<1.6.0a0
  license: curl
  license_family: MIT
  size: 423011
  timestamp: 1733999897624
- conda: https://conda.anaconda.org/conda-forge/linux-64/libedit-3.1.20240808-pl5321h7949ede_0.conda
  sha256: 4d0d69ddf9cc7d724a1ccf3a9852e44c8aea9825692582bac2c4e8d21ec95ccd
  md5: 8247f80f3dc464d9322e85007e307fe8
  depends:
  - ncurses
  - __glibc >=2.17,<3.0.a0
  - libgcc >=13
  - ncurses >=6.5,<7.0a0
  license: BSD-2-Clause
  license_family: BSD
  size: 134657
  timestamp: 1736191912705
- conda: https://conda.anaconda.org/conda-forge/linux-64/libev-4.33-hd590300_2.conda
  sha256: 1cd6048169fa0395af74ed5d8f1716e22c19a81a8a36f934c110ca3ad4dd27b4
  md5: 172bf1cd1ff8629f2b1179945ed45055
  depends:
  - libgcc-ng >=12
  license: BSD-2-Clause
  license_family: BSD
  size: 112766
  timestamp: 1702146165126
- conda: https://conda.anaconda.org/conda-forge/linux-64/libevent-2.1.12-hf998b51_1.conda
  sha256: 2e14399d81fb348e9d231a82ca4d816bf855206923759b69ad006ba482764131
  md5: a1cfcc585f0c42bf8d5546bb1dfb668d
  depends:
  - libgcc-ng >=12
  - openssl >=3.1.1,<4.0a0
  license: BSD-3-Clause
  license_family: BSD
  size: 427426
  timestamp: 1685725977222
- conda: https://conda.anaconda.org/conda-forge/linux-64/libexpat-2.6.4-h5888daf_0.conda
  sha256: 56541b98447b58e52d824bd59d6382d609e11de1f8adf20b23143e353d2b8d26
  md5: db833e03127376d461e1e13e76f09b6c
  depends:
  - __glibc >=2.17,<3.0.a0
  - libgcc >=13
  constrains:
  - expat 2.6.4.*
  license: MIT
  license_family: MIT
  size: 73304
  timestamp: 1730967041968
- conda: https://conda.anaconda.org/conda-forge/linux-64/libfabric-2.0.0-ha770c72_1.conda
  sha256: 22740827bb6df3c928f6b9aa3f7353af59d4e1dd3f398f16696135e62eeea0d9
  md5: d48d0c692e8e6a329575ab472e466df2
  depends:
  - libfabric1 2.0.0 h14e6f36_1
  license: BSD-2-Clause OR GPL-2.0-only
  license_family: BSD
  size: 13586
  timestamp: 1734451737748
- conda: https://conda.anaconda.org/conda-forge/linux-64/libfabric1-2.0.0-h14e6f36_1.conda
  sha256: d7a7fa1cb196d0c114e8bf818f4682346eee81daeee4a930b92a5e74f02c61bc
  md5: 939f84f65198ee7a6397d37d973e13fc
  depends:
  - __glibc >=2.17,<3.0.a0
  - libgcc >=13
  - libnl >=3.11.0,<4.0a0
  - rdma-core >=55.0
  license: BSD-2-Clause OR GPL-2.0-only
  license_family: BSD
  size: 669568
  timestamp: 1734451736802
- conda: https://conda.anaconda.org/conda-forge/linux-64/libffi-3.4.2-h7f98852_5.tar.bz2
  sha256: ab6e9856c21709b7b517e940ae7028ae0737546122f83c2aa5d692860c3b149e
  md5: d645c6d2ac96843a2bfaccd2d62b3ac3
  depends:
  - libgcc-ng >=9.4.0
  license: MIT
  license_family: MIT
  size: 58292
  timestamp: 1636488182923
- conda: https://conda.anaconda.org/conda-forge/linux-64/libgcc-14.2.0-h77fa898_1.conda
  sha256: 53eb8a79365e58849e7b1a068d31f4f9e718dc938d6f2c03e960345739a03569
  md5: 3cb76c3f10d3bc7f1105b2fc9db984df
  depends:
  - _libgcc_mutex 0.1 conda_forge
  - _openmp_mutex >=4.5
  constrains:
  - libgomp 14.2.0 h77fa898_1
  - libgcc-ng ==14.2.0=*_1
  license: GPL-3.0-only WITH GCC-exception-3.1
  license_family: GPL
  size: 848745
  timestamp: 1729027721139
- conda: https://conda.anaconda.org/conda-forge/noarch/libgcc-devel_linux-64-14.2.0-h41c2201_101.conda
  sha256: 939f73ccab0ef61d02b26e348adcbf0ebd249914073a62e861ca45d125c9335c
  md5: fb126e22f5350c15fec6ddbd062f4871
  depends:
  - __unix
  license: GPL-3.0-only WITH GCC-exception-3.1
  license_family: GPL
  size: 2753144
  timestamp: 1729027627734
- conda: https://conda.anaconda.org/conda-forge/linux-64/libgcc-ng-14.2.0-h69a702a_1.conda
  sha256: 3a76969c80e9af8b6e7a55090088bc41da4cffcde9e2c71b17f44d37b7cb87f7
  md5: e39480b9ca41323497b05492a63bc35b
  depends:
  - libgcc 14.2.0 h77fa898_1
  license: GPL-3.0-only WITH GCC-exception-3.1
  license_family: GPL
  size: 54142
  timestamp: 1729027726517
- conda: https://conda.anaconda.org/conda-forge/linux-64/libgcrypt-lib-1.11.0-hb9d3cd8_2.conda
  sha256: ffc3602f9298da248786f46b00d0594d26a18feeb1b07ce88f3d7d61075e39e6
  md5: e55712ff40a054134d51b89afca57dbc
  depends:
  - __glibc >=2.17,<3.0.a0
  - libgcc >=13
  - libgpg-error >=1.51,<2.0a0
  license: LGPL-2.1-or-later
  size: 586185
  timestamp: 1732523190369
- conda: https://conda.anaconda.org/conda-forge/linux-64/libgfortran-14.2.0-h69a702a_1.conda
  sha256: fc9e7f22a17faf74da904ebfc4d88699013d2992e55505e4aa0eb01770290977
  md5: f1fd30127802683586f768875127a987
  depends:
  - libgfortran5 14.2.0 hd5240d6_1
  constrains:
  - libgfortran-ng ==14.2.0=*_1
  license: GPL-3.0-only WITH GCC-exception-3.1
  license_family: GPL
  size: 53997
  timestamp: 1729027752995
- conda: https://conda.anaconda.org/conda-forge/linux-64/libgfortran-ng-14.2.0-h69a702a_1.conda
  sha256: 423f1e2403f0c665748e42d335e421e53fd03c08d457cfb6f360d329d9459851
  md5: 0a7f4cd238267c88e5d69f7826a407eb
  depends:
  - libgfortran 14.2.0 h69a702a_1
  license: GPL-3.0-only WITH GCC-exception-3.1
  license_family: GPL
  size: 54106
  timestamp: 1729027945817
- conda: https://conda.anaconda.org/conda-forge/linux-64/libgfortran5-14.2.0-hd5240d6_1.conda
  sha256: d149a37ca73611e425041f33b9d8dbed6e52ec506fe8cc1fc0ee054bddeb6d5d
  md5: 9822b874ea29af082e5d36098d25427d
  depends:
  - libgcc >=14.2.0
  constrains:
  - libgfortran 14.2.0
  license: GPL-3.0-only WITH GCC-exception-3.1
  license_family: GPL
  size: 1462645
  timestamp: 1729027735353
- conda: https://conda.anaconda.org/conda-forge/linux-64/libgomp-14.2.0-h77fa898_1.conda
  sha256: 1911c29975ec99b6b906904040c855772ccb265a1c79d5d75c8ceec4ed89cd63
  md5: cc3573974587f12dda90d96e3e55a702
  depends:
  - _libgcc_mutex 0.1 conda_forge
  license: GPL-3.0-only WITH GCC-exception-3.1
  license_family: GPL
  size: 460992
  timestamp: 1729027639220
- conda: https://conda.anaconda.org/conda-forge/linux-64/libgpg-error-1.51-hbd13f7d_1.conda
  sha256: 9e0c09c1faf2151ade3ccb64e52d3c1f2dde85c00e37c6a3e6a8bced2aba68be
  md5: 168cc19c031482f83b23c4eebbb94e26
  depends:
  - __glibc >=2.17,<3.0.a0
  - libgcc >=13
  - libstdcxx >=13
  license: LGPL-2.1-only
  license_family: GPL
  size: 268740
  timestamp: 1731920927644
- conda: https://conda.anaconda.org/conda-forge/linux-64/libhwloc-2.11.2-default_h0d58e46_1001.conda
  sha256: d14c016482e1409ae1c50109a9ff933460a50940d2682e745ab1c172b5282a69
  md5: 804ca9e91bcaea0824a341d55b1684f2
  depends:
  - __glibc >=2.17,<3.0.a0
  - libgcc >=13
  - libstdcxx >=13
  - libxml2 >=2.13.4,<3.0a0
  license: BSD-3-Clause
  license_family: BSD
  size: 2423200
  timestamp: 1731374922090
- conda: https://conda.anaconda.org/conda-forge/linux-64/libiconv-1.17-hd590300_2.conda
  sha256: 8ac2f6a9f186e76539439e50505d98581472fedb347a20e7d1f36429849f05c9
  md5: d66573916ffcf376178462f1b61c941e
  depends:
  - libgcc-ng >=12
  license: LGPL-2.1-only
  size: 705775
  timestamp: 1702682170569
- conda: https://conda.anaconda.org/conda-forge/linux-64/libjpeg-turbo-3.0.0-hd590300_1.conda
  sha256: b954e09b7e49c2f2433d6f3bb73868eda5e378278b0f8c1dd10a7ef090e14f2f
  md5: ea25936bb4080d843790b586850f82b8
  depends:
  - libgcc-ng >=12
  constrains:
  - jpeg <0.0.0a
  license: IJG AND BSD-3-Clause AND Zlib
  size: 618575
  timestamp: 1694474974816
- conda: https://conda.anaconda.org/conda-forge/linux-64/liblapack-3.9.0-26_linux64_openblas.conda
  build_number: 26
  sha256: b76458c36331376911e0f98fa68109e02f4d5e5ebfffa79587ac69cef748bba1
  md5: 3792604c43695d6a273bc5faaac47d48
  depends:
  - libblas 3.9.0 26_linux64_openblas
  constrains:
  - libcblas 3.9.0 26_linux64_openblas
  - liblapacke 3.9.0 26_linux64_openblas
  - blas * openblas
  license: BSD-3-Clause
  license_family: BSD
  size: 16338
  timestamp: 1734432576650
- conda: https://conda.anaconda.org/conda-forge/linux-64/liblapacke-3.9.0-26_linux64_openblas.conda
  build_number: 26
  sha256: 90807199c20500d959cc37ca666f74286b20637d9d1de53cb0730802ed459c9a
  md5: 7b8b7732fb4786c00cf9b67d1d69445c
  depends:
  - libblas 3.9.0 26_linux64_openblas
  - libcblas 3.9.0 26_linux64_openblas
  - liblapack 3.9.0 26_linux64_openblas
  constrains:
  - blas * openblas
  license: BSD-3-Clause
  license_family: BSD
  size: 16332
  timestamp: 1734432582792
- conda: https://conda.anaconda.org/conda-forge/linux-64/liblzma-5.6.3-hb9d3cd8_1.conda
  sha256: e6e425252f3839e2756e4af1ea2074dffd3396c161bf460629f9dfd6a65f15c6
  md5: 2ecf2f1c7e4e21fcfe6423a51a992d84
  depends:
  - __glibc >=2.17,<3.0.a0
  - libgcc >=13
  license: 0BSD
  size: 111132
  timestamp: 1733407410083
- conda: https://conda.anaconda.org/conda-forge/linux-64/libnetcdf-4.9.2-nompi_h5ddbaa4_116.conda
  sha256: 6c61842c8d8f885019f52a2f989d197b6bf33c030b030226e665f01ca0fa3f71
  md5: f51573abc223afed7e5374f34135ce05
  depends:
  - __glibc >=2.17,<3.0.a0
  - blosc >=1.21.6,<2.0a0
  - bzip2 >=1.0.8,<2.0a0
  - hdf4 >=4.2.15,<4.2.16.0a0
  - hdf5 >=1.14.4,<1.14.5.0a0
  - libaec >=1.1.3,<2.0a0
  - libcurl >=8.10.1,<9.0a0
  - libgcc >=13
  - libstdcxx >=13
  - libxml2 >=2.13.5,<3.0a0
  - libzip >=1.11.2,<2.0a0
  - libzlib >=1.3.1,<2.0a0
  - openssl >=3.4.0,<4.0a0
  - zlib
  - zstd >=1.5.6,<1.6.0a0
  license: MIT
  license_family: MIT
  size: 832800
  timestamp: 1733232193218
- conda: https://conda.anaconda.org/conda-forge/linux-64/libnghttp2-1.64.0-h161d5f1_0.conda
  sha256: b0f2b3695b13a989f75d8fd7f4778e1c7aabe3b36db83f0fe80b2cd812c0e975
  md5: 19e57602824042dfd0446292ef90488b
  depends:
  - __glibc >=2.17,<3.0.a0
  - c-ares >=1.32.3,<2.0a0
  - libev >=4.33,<4.34.0a0
  - libev >=4.33,<5.0a0
  - libgcc >=13
  - libstdcxx >=13
  - libzlib >=1.3.1,<2.0a0
  - openssl >=3.3.2,<4.0a0
  license: MIT
  license_family: MIT
  size: 647599
  timestamp: 1729571887612
- conda: https://conda.anaconda.org/conda-forge/linux-64/libnl-3.11.0-hb9d3cd8_0.conda
  sha256: ba7c5d294e3d80f08ac5a39564217702d1a752e352e486210faff794ac5001b4
  md5: db63358239cbe1ff86242406d440e44a
  depends:
  - __glibc >=2.17,<3.0.a0
  - libgcc >=13
  license: LGPL-2.1-or-later
  license_family: LGPL
  size: 741323
  timestamp: 1731846827427
- conda: https://conda.anaconda.org/conda-forge/linux-64/libnsl-2.0.1-hd590300_0.conda
  sha256: 26d77a3bb4dceeedc2a41bd688564fe71bf2d149fdcf117049970bc02ff1add6
  md5: 30fd6e37fe21f86f4bd26d6ee73eeec7
  depends:
  - libgcc-ng >=12
  license: LGPL-2.1-only
  license_family: GPL
  size: 33408
  timestamp: 1697359010159
- conda: https://conda.anaconda.org/conda-forge/linux-64/libopenblas-0.3.28-pthreads_h94d23a6_1.conda
  sha256: 99ba271d8a80a1af2723f2e124ffd91d850074c0389c067e6d96d72a2dbfeabe
  md5: 62857b389e42b36b686331bec0922050
  depends:
  - __glibc >=2.17,<3.0.a0
  - libgcc >=14
  - libgfortran
  - libgfortran5 >=14.2.0
  constrains:
  - openblas >=0.3.28,<0.3.29.0a0
  license: BSD-3-Clause
  license_family: BSD
  size: 5578513
  timestamp: 1730772671118
- conda: https://conda.anaconda.org/conda-forge/linux-64/libpmix-5.0.6-h658e747_0.conda
  sha256: b8669c4f38d34bdcdfe028a39773f2e8c28486f953a3c84a94fa94bfe92f0f46
  md5: d2a5beba325f3bc76a6ea6106257bfc2
  depends:
  - __glibc >=2.17,<3.0.a0
  - libevent >=2.1.12,<2.1.13.0a0
  - libgcc >=13
  - libhwloc >=2.11.2,<2.11.3.0a0
  - libzlib >=1.3.1,<2.0a0
  license: BSD-3-Clause
  license_family: BSD
  size: 715110
  timestamp: 1736239606991
- conda: https://conda.anaconda.org/conda-forge/linux-64/libsanitizer-14.2.0-h2a3dede_1.conda
  sha256: 2e2c078118ed7fb614b0cee492b540c59ba74e4adb6d6dd9fa66e96af6d166c1
  md5: 160623b9425f5c04941586da43bd1a9c
  depends:
  - libgcc >=14.2.0
  - libstdcxx >=14.2.0
  license: GPL-3.0-only WITH GCC-exception-3.1
  license_family: GPL
  size: 4496423
  timestamp: 1729027764926
- conda: https://conda.anaconda.org/conda-forge/linux-64/libsqlite-3.47.2-hee588c1_0.conda
  sha256: 48af21ebc2cbf358976f1e0f4a0ab9e91dfc83d0ef337cf3837c6f5bc22fb352
  md5: b58da17db24b6e08bcbf8fed2fb8c915
  depends:
  - __glibc >=2.17,<3.0.a0
  - libgcc >=13
  - libzlib >=1.3.1,<2.0a0
  license: Unlicense
  size: 873551
  timestamp: 1733761824646
- conda: https://conda.anaconda.org/conda-forge/linux-64/libssh2-1.11.1-hf672d98_0.conda
  sha256: 0407ac9fda2bb67e11e357066eff144c845801d00b5f664efbc48813af1e7bb9
  md5: be2de152d8073ef1c01b7728475f2fe7
  depends:
  - __glibc >=2.17,<3.0.a0
  - libgcc >=13
  - libzlib >=1.3.1,<2.0a0
  - openssl >=3.4.0,<4.0a0
  license: BSD-3-Clause
  license_family: BSD
  size: 304278
  timestamp: 1732349402869
- conda: https://conda.anaconda.org/conda-forge/linux-64/libstdcxx-14.2.0-hc0a3c3a_1.conda
  sha256: 4661af0eb9bdcbb5fb33e5d0023b001ad4be828fccdcc56500059d56f9869462
  md5: 234a5554c53625688d51062645337328
  depends:
  - libgcc 14.2.0 h77fa898_1
  license: GPL-3.0-only WITH GCC-exception-3.1
  license_family: GPL
  size: 3893695
  timestamp: 1729027746910
- conda: https://conda.anaconda.org/conda-forge/linux-64/libstdcxx-ng-14.2.0-h4852527_1.conda
  sha256: 25bb30b827d4f6d6f0522cc0579e431695503822f144043b93c50237017fffd8
  md5: 8371ac6457591af2cf6159439c1fd051
  depends:
  - libstdcxx 14.2.0 hc0a3c3a_1
  license: GPL-3.0-only WITH GCC-exception-3.1
  license_family: GPL
  size: 54105
  timestamp: 1729027780628
- conda: https://conda.anaconda.org/conda-forge/linux-64/libsystemd0-257.2-h3dc2cb9_0.conda
  sha256: 03f532cae9ca0417b29ead19490a9fa0fa5e6ad73f1bfc7ea0d4d3bd4c41156e
  md5: 40c12fdd396297db83f789722027f5ed
  depends:
  - __glibc >=2.17,<3.0.a0
  - libcap >=2.71,<2.72.0a0
  - libgcc >=13
  - libgcrypt-lib >=1.11.0,<2.0a0
  - liblzma >=5.6.3,<6.0a0
  - lz4-c >=1.10.0,<1.11.0a0
  - zstd >=1.5.6,<1.6.0a0
  license: LGPL-2.1-or-later
  size: 487652
  timestamp: 1736377129372
- conda: https://conda.anaconda.org/conda-forge/linux-64/libudev1-257.2-h9a4d06a_0.conda
  sha256: d1558209de4908c12dd9119ce01d39d0d0052c5a20123957ed49b5ab21cb2ee8
  md5: f8ff68da999a4f1c57b1d523b18de1cc
  depends:
  - __glibc >=2.17,<3.0.a0
  - libcap >=2.71,<2.72.0a0
  - libgcc >=13
  license: LGPL-2.1-or-later
  size: 143691
  timestamp: 1736377137913
- conda: https://conda.anaconda.org/conda-forge/linux-64/libuuid-2.38.1-h0b41bf4_0.conda
  sha256: 787eb542f055a2b3de553614b25f09eefb0a0931b0c87dbcce6efdfd92f04f18
  md5: 40b61aab5c7ba9ff276c41cfffe6b80b
  depends:
  - libgcc-ng >=12
  license: BSD-3-Clause
  license_family: BSD
  size: 33601
  timestamp: 1680112270483
- conda: https://conda.anaconda.org/conda-forge/linux-64/libuv-1.49.2-hb9d3cd8_0.conda
  sha256: a35cd81cd1a9add11024097da83cc06b0aae83186fe4124b77710876f37d8f31
  md5: 070e3c9ddab77e38799d5c30b109c633
  depends:
  - __glibc >=2.17,<3.0.a0
  - libgcc >=13
  license: MIT
  license_family: MIT
  size: 884647
  timestamp: 1729322566955
- conda: https://conda.anaconda.org/conda-forge/linux-64/libxcrypt-4.4.36-hd590300_1.conda
  sha256: 6ae68e0b86423ef188196fff6207ed0c8195dd84273cb5623b85aa08033a410c
  md5: 5aa797f8787fe7a17d1b0821485b5adc
  depends:
  - libgcc-ng >=12
  license: LGPL-2.1-or-later
  size: 100393
  timestamp: 1702724383534
- conda: https://conda.anaconda.org/conda-forge/linux-64/libxml2-2.13.5-h0d44e9d_1.conda
  sha256: 306e18aa647d8208ad2cd0e62d84933222b2fbe93d2d53cd5283d2256b1d54de
  md5: f5b05674697ae7d2c5932766695945e1
  depends:
  - __glibc >=2.17,<3.0.a0
  - libgcc >=13
  - libiconv >=1.17,<2.0a0
  - liblzma >=5.6.3,<6.0a0
  - libzlib >=1.3.1,<2.0a0
  constrains:
  - icu <0.0a0
  license: MIT
  license_family: MIT
  size: 689993
  timestamp: 1733443678322
- conda: https://conda.anaconda.org/conda-forge/linux-64/libzip-1.11.2-h6991a6a_0.conda
  sha256: 991e7348b0f650d495fb6d8aa9f8c727bdf52dabf5853c0cc671439b160dce48
  md5: a7b27c075c9b7f459f1c022090697cba
  depends:
  - __glibc >=2.17,<3.0.a0
  - bzip2 >=1.0.8,<2.0a0
  - libgcc >=13
  - libzlib >=1.3.1,<2.0a0
  - openssl >=3.3.2,<4.0a0
  license: BSD-3-Clause
  license_family: BSD
  size: 109043
  timestamp: 1730442108429
- conda: https://conda.anaconda.org/conda-forge/linux-64/libzlib-1.3.1-hb9d3cd8_2.conda
  sha256: d4bfe88d7cb447768e31650f06257995601f89076080e76df55e3112d4e47dc4
  md5: edb0dca6bc32e4f4789199455a1dbeb8
  depends:
  - __glibc >=2.17,<3.0.a0
  - libgcc >=13
  constrains:
  - zlib 1.3.1 *_2
  license: Zlib
  license_family: Other
  size: 60963
  timestamp: 1727963148474
- conda: https://conda.anaconda.org/conda-forge/linux-64/llvm-openmp-19.1.6-h024ca30_0.conda
  sha256: 9e385c2a8169d951cf153221fb7fbb3dc8f1e5ac77371edee7329f8721dbe1ae
  md5: 96e42ccbd3c067c1713ff5f2d2169247
  depends:
  - __glibc >=2.17,<3.0.a0
  constrains:
  - openmp 19.1.6|19.1.6.*
  license: Apache-2.0 WITH LLVM-exception
  license_family: APACHE
  size: 3201572
  timestamp: 1734520399290
- conda: https://conda.anaconda.org/conda-forge/linux-64/lz4-c-1.10.0-h5888daf_1.conda
  sha256: 47326f811392a5fd3055f0f773036c392d26fdb32e4d8e7a8197eed951489346
  md5: 9de5350a85c4a20c685259b889aa6393
  depends:
  - __glibc >=2.17,<3.0.a0
  - libgcc >=13
  - libstdcxx >=13
  license: BSD-2-Clause
  license_family: BSD
  size: 167055
  timestamp: 1733741040117
- conda: https://conda.anaconda.org/conda-forge/linux-64/make-4.4.1-hb9d3cd8_2.conda
  sha256: d652c7bd4d3b6f82b0f6d063b0d8df6f54cc47531092d7ff008e780f3261bdda
  md5: 33405d2a66b1411db9f7242c8b97c9e7
  depends:
  - __glibc >=2.17,<3.0.a0
  - libgcc >=13
  license: GPL-3.0-or-later
  license_family: GPL
  size: 513088
  timestamp: 1727801714848
- conda: https://conda.anaconda.org/conda-forge/linux-64/mpi-1.0-openmpi.tar.bz2
  sha256: 54cf44ee2c122bce206f834a825af06e3b14fc4fd58c968ae9329715cc281d1e
  md5: 1dcc49e16749ff79ba2194fa5d4ca5e7
  license: BSD 3-clause
  size: 4204
- conda: https://conda.anaconda.org/conda-forge/linux-64/ncurses-6.5-he02047a_1.conda
  sha256: 6a1d5d8634c1a07913f1c525db6455918cbc589d745fac46d9d6e30340c8731a
  md5: 70caf8bb6cf39a0b6b7efc885f51c0fe
  depends:
  - __glibc >=2.17,<3.0.a0
  - libgcc-ng >=12
  license: X11 AND BSD-3-Clause
  size: 889086
  timestamp: 1724658547447
- conda: https://conda.anaconda.org/conda-forge/linux-64/netcdf4-1.7.2-nompi_py312ha728dd9_101.conda
  sha256: 5a6ce5997c155abfc1941de7d2fba207bd3f269987d847937caa51799625d5c3
  md5: 7e41ca6012a6bf609539aec0dfee93f7
  depends:
  - __glibc >=2.17,<3.0.a0
  - certifi
  - cftime
  - hdf5 >=1.14.4,<1.14.5.0a0
  - libgcc >=13
  - libnetcdf >=4.9.2,<4.9.3.0a0
  - libzlib >=1.3.1,<2.0a0
  - numpy >=1.19,<3
  - python >=3.12,<3.13.0a0
  - python_abi 3.12.* *_cp312
  license: MIT
  license_family: MIT
  size: 1151656
  timestamp: 1733253250333
- conda: https://conda.anaconda.org/conda-forge/linux-64/numpy-2.2.1-py312h7e784f5_0.conda
  sha256: d8ccc46c3d2149a1479b660f5c04acad45766ed04ef961ef022d71122ec2bb91
  md5: 6159cab400b61f38579a7692be5e630a
  depends:
  - __glibc >=2.17,<3.0.a0
  - libblas >=3.9.0,<4.0a0
  - libcblas >=3.9.0,<4.0a0
  - libgcc >=13
  - liblapack >=3.9.0,<4.0a0
  - libstdcxx >=13
  - python >=3.12,<3.13.0a0
  - python_abi 3.12.* *_cp312
  constrains:
  - numpy-base <0a0
  license: BSD-3-Clause
  license_family: BSD
  size: 8483009
  timestamp: 1734904730019
- conda: https://conda.anaconda.org/conda-forge/linux-64/openblas-0.3.28-pthreads_h6ec200e_1.conda
  sha256: c558f49a262f43b0c5b6f9feb75b631d0b1eeba53579fd2bbce0df37f1884ef0
  md5: 8fe5d50db07e92519cc639cb0aef9b1b
  depends:
  - libopenblas 0.3.28 pthreads_h94d23a6_1
  license: BSD-3-Clause
  license_family: BSD
  size: 5727592
  timestamp: 1730772687576
- conda: https://conda.anaconda.org/conda-forge/linux-64/openmpi-5.0.6-h3ee89b5_101.conda
  sha256: c5480b32cebaf2df0ae4f5d77c573b187d3816de6f93bbf39ed2c27ea50e5597
  md5: 52dc4bfd7a30ea14fc286896cf177c1b
  depends:
  - __glibc >=2.17,<3.0.a0
  - libevent >=2.1.12,<2.1.13.0a0
  - libfabric
  - libfabric1 >=1.14.0
  - libgcc
  - libgcc-ng >=12
  - libgfortran
  - libgfortran-ng
  - libgfortran5 >=11.4.0
  - libhwloc >=2.11.2,<2.11.3.0a0
  - libpmix >=5.0.5,<6.0a0
  - libstdcxx
  - libstdcxx-ng >=12
  - libzlib >=1.3.1,<2.0a0
  - mpi 1.0 openmpi
  - ucc >=1.3.0,<2.0a0
  - ucx >=1.17.0,<1.18.0a0
  constrains:
  - __cuda  >= 11.0
  - cuda-version  >= 11.0
  - libprrte ==0.0.0
  arch: x86_64
  platform: linux
  license: BSD-3-Clause
  license_family: BSD
  size: 3576120
  timestamp: 1735893749391
- conda: https://conda.anaconda.org/conda-forge/linux-64/openssl-3.4.0-h7b32b05_1.conda
  sha256: f62f6bca4a33ca5109b6d571b052a394d836956d21b25b7ffd03376abf7a481f
  md5: 4ce6875f75469b2757a65e10a5d05e31
  depends:
  - __glibc >=2.17,<3.0.a0
  - ca-certificates
  - libgcc >=13
  license: Apache-2.0
  license_family: Apache
  size: 2937158
  timestamp: 1736086387286
- conda: https://conda.anaconda.org/conda-forge/linux-64/python-3.12.8-h9e4cc4f_1_cpython.conda
  build_number: 1
  sha256: 3f0e0518c992d8ccfe62b189125721309836fe48a010dc424240583e157f9ff0
  md5: 7fd2fd79436d9b473812f14e86746844
  depends:
  - __glibc >=2.17,<3.0.a0
  - bzip2 >=1.0.8,<2.0a0
  - ld_impl_linux-64 >=2.36.1
  - libexpat >=2.6.4,<3.0a0
  - libffi >=3.4,<4.0a0
  - libgcc >=13
  - liblzma >=5.6.3,<6.0a0
  - libnsl >=2.0.1,<2.1.0a0
  - libsqlite >=3.47.0,<4.0a0
  - libuuid >=2.38.1,<3.0a0
  - libxcrypt >=4.4.36
  - libzlib >=1.3.1,<2.0a0
  - ncurses >=6.5,<7.0a0
  - openssl >=3.4.0,<4.0a0
  - readline >=8.2,<9.0a0
  - tk >=8.6.13,<8.7.0a0
  - tzdata
  constrains:
  - python_abi 3.12.* *_cp312
  license: Python-2.0
  size: 31565686
  timestamp: 1733410597922
- conda: https://conda.anaconda.org/conda-forge/linux-64/python_abi-3.12-5_cp312.conda
  build_number: 5
  sha256: d10e93d759931ffb6372b45d65ff34d95c6000c61a07e298d162a3bc2accebb0
  md5: 0424ae29b104430108f5218a66db7260
  constrains:
  - python 3.12.* *_cpython
  license: BSD-3-Clause
  license_family: BSD
  size: 6238
  timestamp: 1723823388266
- conda: https://conda.anaconda.org/conda-forge/linux-64/rdma-core-55.0-h5888daf_0.conda
  sha256: 3715a51f1ea6e3765f19b6db90a7edb77a3b5aa201a4f09cbd51a678e8609a88
  md5: fd94951ea305bdfe6fb3939db3fb7ce2
  depends:
  - __glibc >=2.17,<3.0.a0
  - libgcc >=13
  - libnl >=3.11.0,<4.0a0
  - libstdcxx >=13
  - libsystemd0 >=256.9
  - libudev1 >=256.9
  license: Linux-OpenIB
  license_family: BSD
  size: 1223940
  timestamp: 1734115241096
- conda: https://conda.anaconda.org/conda-forge/linux-64/readline-8.2-h8228510_1.conda
  sha256: 5435cf39d039387fbdc977b0a762357ea909a7694d9528ab40f005e9208744d7
  md5: 47d31b792659ce70f470b5c82fdfb7a4
  depends:
  - libgcc-ng >=12
  - ncurses >=6.3,<7.0a0
  license: GPL-3.0-only
  license_family: GPL
  size: 281456
  timestamp: 1679532220005
- conda: https://conda.anaconda.org/conda-forge/linux-64/rhash-1.4.5-hb9d3cd8_0.conda
  sha256: 04677caac29ec64a5d41d0cca8dbec5f60fa166d5458ff5a4393e4dc08a4799e
  md5: 9af0e7981755f09c81421946c4bcea04
  depends:
  - __glibc >=2.17,<3.0.a0
  - libgcc >=13
  license: MIT
  license_family: MIT
  size: 186921
  timestamp: 1728886721623
- conda: https://conda.anaconda.org/conda-forge/linux-64/snappy-1.2.1-h8bd8927_1.conda
  sha256: ec91e86eeb2c6bbf09d51351b851e945185d70661d2ada67204c9a6419d282d3
  md5: 3b3e64af585eadfb52bb90b553db5edf
  depends:
  - __glibc >=2.17,<3.0.a0
  - libgcc >=13
  - libstdcxx >=13
  license: BSD-3-Clause
  license_family: BSD
  size: 42739
  timestamp: 1733501881851
- conda: https://conda.anaconda.org/conda-forge/noarch/sysroot_linux-64-2.17-h0157908_18.conda
  sha256: 69ab5804bdd2e8e493d5709eebff382a72fab3e9af6adf93a237ccf8f7dbd624
  md5: 460eba7851277ec1fd80a1a24080787a
  depends:
  - kernel-headers_linux-64 3.10.0 he073ed8_18
  - tzdata
  license: LGPL-2.0-or-later AND LGPL-2.0-or-later WITH exceptions AND GPL-2.0-or-later AND MPL-2.0
  license_family: GPL
  size: 15166921
  timestamp: 1735290488259
- conda: https://conda.anaconda.org/conda-forge/linux-64/tk-8.6.13-noxft_h4845f30_101.conda
  sha256: e0569c9caa68bf476bead1bed3d79650bb080b532c64a4af7d8ca286c08dea4e
  md5: d453b98d9c83e71da0741bb0ff4d76bc
  depends:
  - libgcc-ng >=12
  - libzlib >=1.2.13,<2.0.0a0
  license: TCL
  license_family: BSD
  size: 3318875
  timestamp: 1699202167581
- conda: https://conda.anaconda.org/conda-forge/noarch/tzdata-2024b-hc8b5060_0.conda
  sha256: 4fde5c3008bf5d2db82f2b50204464314cc3c91c1d953652f7bd01d9e52aefdf
  md5: 8ac3367aafb1cc0a068483c580af8015
  license: LicenseRef-Public-Domain
  size: 122354
  timestamp: 1728047496079
- conda: https://conda.anaconda.org/conda-forge/linux-64/ucc-1.3.0-h0f835a6_3.conda
  sha256: 2a39d7557da437c81ebb811152cae38c076bfb6451856fcd82a8b814c4c279ff
  md5: fcb1e43328774ebcff2a8bb018d596f0
  depends:
  - __glibc >=2.17,<3.0.a0
  - libgcc >=12
  - ucx >=1.17.0,<1.17.1.0a0
  - ucx >=1.17.0,<1.18.0a0
  constrains:
  - nccl >=2.23.4.1,<3.0a0
  license: BSD-3-Clause
  license_family: BSD
  size: 8064581
  timestamp: 1727536987302
- conda: https://conda.anaconda.org/conda-forge/linux-64/ucx-1.17.0-h53fb5aa_4.conda
  sha256: 8041718faf0625dfdd943e162e1eb3f30cf2687b01489b1f94c895acb0c8b204
  md5: ba6c7ec20d51a27f60699f2125f00fef
  depends:
  - __glibc >=2.17,<3.0.a0
  - _openmp_mutex >=4.5
  - libgcc
  - libgcc-ng >=12
  - libstdcxx
  - libstdcxx-ng >=12
  - rdma-core >=55.0
  constrains:
  - cuda-version >=11.2,<12
  - cudatoolkit
  license: BSD-3-Clause
  license_family: BSD
  size: 7208823
  timestamp: 1734164309418
- conda: https://conda.anaconda.org/conda-forge/linux-64/zlib-1.3.1-hb9d3cd8_2.conda
  sha256: 5d7c0e5f0005f74112a34a7425179f4eb6e73c92f5d109e6af4ddeca407c92ab
  md5: c9f075ab2f33b3bbee9e62d4ad0a6cd8
  depends:
  - __glibc >=2.17,<3.0.a0
  - libgcc >=13
  - libzlib 1.3.1 hb9d3cd8_2
  license: Zlib
  license_family: Other
  size: 92286
  timestamp: 1727963153079
- conda: https://conda.anaconda.org/conda-forge/linux-64/zstd-1.5.6-ha6fb4c9_0.conda
  sha256: c558b9cc01d9c1444031bd1ce4b9cff86f9085765f17627a6cd85fc623c8a02b
  md5: 4d056880988120e29d75bfff282e0f45
  depends:
  - libgcc-ng >=12
  - libstdcxx-ng >=12
  - libzlib >=1.2.13,<2.0.0a0
  license: BSD-3-Clause
  license_family: BSD
  size: 554846
  timestamp: 1714722996770
